
Microsoft Visual Studio Solution File, Format Version 12.00
# Visual Studio Version 17
VisualStudioVersion = 17.8.34408.163
MinimumVisualStudioVersion = 10.0.40219.1
Project("{9A19103F-16F7-4668-BE54-9A1E7A4F7556}") = "Producer", "Producer\Producer.csproj", "{07FEB9B9-0EA7-4ED3-A9A9-D78755925263}"
EndProject
Project("{9A19103F-16F7-4668-BE54-9A1E7A4F7556}") = "Receiver", "Receiver\Receiver.csproj", "{0B22ADA0-21A0-4A7E-B6A9-4770564B7321}"
EndProject
Project("{FAE04EC0-301F-11D3-BF4B-00C04F79EFBC}") = "Blazor-Client.Receiver", "Blazor-Client.Receiver\Blazor-Client.Receiver.csproj", "{C3D78810-1403-4653-94D7-C5EE607EC5A1}"
EndProject
Global
	GlobalSection(SolutionConfigurationPlatforms) = preSolution
		Debug|Any CPU = Debug|Any CPU
		Release|Any CPU = Release|Any CPU
	EndGlobalSection
	GlobalSection(ProjectConfigurationPlatforms) = postSolution
		{07FEB9B9-0EA7-4ED3-A9A9-D78755925263}.Debug|Any CPU.ActiveCfg = Debug|Any CPU
		{07FEB9B9-0EA7-4ED3-A9A9-D78755925263}.Debug|Any CPU.Build.0 = Debug|Any CPU
		{07FEB9B9-0EA7-4ED3-A9A9-D78755925263}.Release|Any CPU.ActiveCfg = Release|Any CPU
		{07FEB9B9-0EA7-4ED3-A9A9-D78755925263}.Release|Any CPU.Build.0 = Release|Any CPU
		{0B22ADA0-21A0-4A7E-B6A9-4770564B7321}.Debug|Any CPU.ActiveCfg = Debug|Any CPU
		{0B22ADA0-21A0-4A7E-B6A9-4770564B7321}.Debug|Any CPU.Build.0 = Debug|Any CPU
		{0B22ADA0-21A0-4A7E-B6A9-4770564B7321}.Release|Any CPU.ActiveCfg = Release|Any CPU
		{0B22ADA0-21A0-4A7E-B6A9-4770564B7321}.Release|Any CPU.Build.0 = Release|Any CPU
		{C3D78810-1403-4653-94D7-C5EE607EC5A1}.Debug|Any CPU.ActiveCfg = Debug|Any CPU
		{C3D78810-1403-4653-94D7-C5EE607EC5A1}.Debug|Any CPU.Build.0 = Debug|Any CPU
		{C3D78810-1403-4653-94D7-C5EE607EC5A1}.Release|Any CPU.ActiveCfg = Release|Any CPU
		{C3D78810-1403-4653-94D7-C5EE607EC5A1}.Release|Any CPU.Build.0 = Release|Any CPU
	EndGlobalSection
	GlobalSection(SolutionProperties) = preSolution
		HideSolutionNode = FALSE
	EndGlobalSection
	GlobalSection(ExtensibilityGlobals) = postSolution
		SolutionGuid = {0DD4312D-47CB-48B2-A0BB-AF5516E16A4B}
	EndGlobalSection
EndGlobal
